
Microsoft Visual Studio Solution File, Format Version 12.00
# Visual Studio Version 16
VisualStudioVersion = 16.0.30413.136
MinimumVisualStudioVersion = 10.0.40219.1
Project("{FAE04EC0-301F-11D3-BF4B-00C04F79EFBC}") = "Group_Project", "Group_Project.csproj", "{9C0D94B6-779F-4E77-9AB6-DF5CC37C49EE}"
EndProject
Global
	GlobalSection(SolutionConfigurationPlatforms) = preSolution
		Debug|Any CPU = Debug|Any CPU
		Release|Any CPU = Release|Any CPU
	EndGlobalSection
	GlobalSection(ProjectConfigurationPlatforms) = postSolution
		{9C0D94B6-779F-4E77-9AB6-DF5CC37C49EE}.Debug|Any CPU.ActiveCfg = Debug|Any CPU
		{9C0D94B6-779F-4E77-9AB6-DF5CC37C49EE}.Debug|Any CPU.Build.0 = Debug|Any CPU
		{9C0D94B6-779F-4E77-9AB6-DF5CC37C49EE}.Release|Any CPU.ActiveCfg = Release|Any CPU
		{9C0D94B6-779F-4E77-9AB6-DF5CC37C49EE}.Release|Any CPU.Build.0 = Release|Any CPU
	EndGlobalSection
	GlobalSection(SolutionProperties) = preSolution
		HideSolutionNode = FALSE
	EndGlobalSection
	GlobalSection(ExtensibilityGlobals) = postSolution
		SolutionGuid = {ACA726F2-BA08-4BD8-BD6B-A08F070DAABD}
	EndGlobalSection
EndGlobal
